{
  "version": 4,
  "terraform_version": "1.7.4",
  "serial": 5,
  "lineage": "134179f0-17ee-f9f9-f166-cfa91cf3dcee",
  "outputs": {},
  "resources": [
    {
      "mode": "managed",
      "type": "aws_vpc",
      "name": "myvpc",
      "provider": "provider[\"registry.terraform.io/hashicorp/aws\"]",
      "instances": [
        {
          "schema_version": 1,
          "attributes": {
            "arn": "arn:aws:ec2:us-east-1:561090048053:vpc/vpc-07012afe85d9ba3d1",
            "assign_generated_ipv6_cidr_block": false,
            "cidr_block": "10.0.0.0/16",
            "default_network_acl_id": "acl-059218bf408a7828b",
            "default_route_table_id": "rtb-038e24ebbf5080e29",
            "default_security_group_id": "sg-06b5b4d25fc9f74a9",
            "dhcp_options_id": "dopt-0619e677b6a1bbfcf",
            "enable_dns_hostnames": true,
            "enable_dns_support": true,
            "enable_network_address_usage_metrics": false,
            "id": "vpc-07012afe85d9ba3d1",
            "instance_tenancy": "default",
            "ipv4_ipam_pool_id": null,
            "ipv4_netmask_length": null,
            "ipv6_association_id": "",
            "ipv6_cidr_block": "",
            "ipv6_cidr_block_network_border_group": "",
            "ipv6_ipam_pool_id": "",
            "ipv6_netmask_length": 0,
            "main_route_table_id": "rtb-038e24ebbf5080e29",
            "owner_id": "561090048053",
            "tags": {
              "Name": "iti_vpc"
            },
            "tags_all": {
              "Name": "iti_vpc"
            }
          },
          "sensitive_attributes": [],
          "private": "eyJzY2hlbWFfdmVyc2lvbiI6IjEifQ=="
        }
      ]
    }
  ],
  "check_results": null
}
